
Microsoft Visual Studio Solution File, Format Version 12.00
# Visual Studio 15
VisualStudioVersion = 15.0.26228.10
MinimumVisualStudioVersion = 10.0.40219.1
Project("{9A19103F-16F7-4668-BE54-9A1E7A4F7556}") = "server", "server\server.csproj", "{97B92E50-018B-46E9-BA8A-71863807E28A}"
EndProject
Project("{9A19103F-16F7-4668-BE54-9A1E7A4F7556}") = "server.test", "server.test\server.test.csproj", "{8974E137-2BD8-4842-B988-63F0E1092363}"
EndProject
Project("{E24C65DC-7377-472B-9ABA-BC803B73C61A}") = "aspnet-starter-kit", ".", "{2D95DFC7-7E25-426C-A30F-85A85C5B2CA3}"
	ProjectSection(WebsiteProperties) = preProject
		TargetFrameworkMoniker = ".NETFramework,Version%3Dv4.0"
		Debug.AspNetCompiler.VirtualPath = "/localhost_54491"
		Debug.AspNetCompiler.PhysicalPath = "..\aspnet-starter-kit\"
		Debug.AspNetCompiler.TargetPath = "PrecompiledWeb\localhost_54491\"
		Debug.AspNetCompiler.Updateable = "true"
		Debug.AspNetCompiler.ForceOverwrite = "true"
		Debug.AspNetCompiler.FixedNames = "false"
		Debug.AspNetCompiler.Debug = "True"
		Release.AspNetCompiler.VirtualPath = "/localhost_54491"
		Release.AspNetCompiler.PhysicalPath = "..\aspnet-starter-kit\"
		Release.AspNetCompiler.TargetPath = "PrecompiledWeb\localhost_54491\"
		Release.AspNetCompiler.Updateable = "true"
		Release.AspNetCompiler.ForceOverwrite = "true"
		Release.AspNetCompiler.FixedNames = "false"
		Release.AspNetCompiler.Debug = "False"
		VWDPort = "54491"
	EndProjectSection
EndProject
Global
	GlobalSection(SolutionConfigurationPlatforms) = preSolution
		Debug|Any CPU = Debug|Any CPU
		Release|Any CPU = Release|Any CPU
	EndGlobalSection
	GlobalSection(ProjectConfigurationPlatforms) = postSolution
		{97B92E50-018B-46E9-BA8A-71863807E28A}.Debug|Any CPU.ActiveCfg = Debug|Any CPU
		{97B92E50-018B-46E9-BA8A-71863807E28A}.Debug|Any CPU.Build.0 = Debug|Any CPU
		{97B92E50-018B-46E9-BA8A-71863807E28A}.Release|Any CPU.ActiveCfg = Release|Any CPU
		{97B92E50-018B-46E9-BA8A-71863807E28A}.Release|Any CPU.Build.0 = Release|Any CPU
		{8974E137-2BD8-4842-B988-63F0E1092363}.Debug|Any CPU.ActiveCfg = Debug|Any CPU
		{8974E137-2BD8-4842-B988-63F0E1092363}.Debug|Any CPU.Build.0 = Debug|Any CPU
		{8974E137-2BD8-4842-B988-63F0E1092363}.Release|Any CPU.ActiveCfg = Release|Any CPU
		{8974E137-2BD8-4842-B988-63F0E1092363}.Release|Any CPU.Build.0 = Release|Any CPU
		{2D95DFC7-7E25-426C-A30F-85A85C5B2CA3}.Debug|Any CPU.ActiveCfg = Debug|Any CPU
		{2D95DFC7-7E25-426C-A30F-85A85C5B2CA3}.Debug|Any CPU.Build.0 = Debug|Any CPU
		{2D95DFC7-7E25-426C-A30F-85A85C5B2CA3}.Release|Any CPU.ActiveCfg = Debug|Any CPU
		{2D95DFC7-7E25-426C-A30F-85A85C5B2CA3}.Release|Any CPU.Build.0 = Debug|Any CPU
	EndGlobalSection
	GlobalSection(SolutionProperties) = preSolution
		HideSolutionNode = FALSE
	EndGlobalSection
EndGlobal
